
Microsoft Visual Studio Solution File, Format Version 12.00
# Visual Studio Version 16
VisualStudioVersion = 16.0.32106.194
MinimumVisualStudioVersion = 10.0.40219.1
Project("{FAE04EC0-301F-11D3-BF4B-00C04F79EFBC}") = "WPF.Task12", "WPF.Task12\WPF.Task12.csproj", "{E3E6A4C8-B6D2-494A-A110-A8C93EBF1A7C}"
EndProject
Global
	GlobalSection(SolutionConfigurationPlatforms) = preSolution
		Debug|Any CPU = Debug|Any CPU
		Release|Any CPU = Release|Any CPU
	EndGlobalSection
	GlobalSection(ProjectConfigurationPlatforms) = postSolution
		{E3E6A4C8-B6D2-494A-A110-A8C93EBF1A7C}.Debug|Any CPU.ActiveCfg = Debug|Any CPU
		{E3E6A4C8-B6D2-494A-A110-A8C93EBF1A7C}.Debug|Any CPU.Build.0 = Debug|Any CPU
		{E3E6A4C8-B6D2-494A-A110-A8C93EBF1A7C}.Release|Any CPU.ActiveCfg = Release|Any CPU
		{E3E6A4C8-B6D2-494A-A110-A8C93EBF1A7C}.Release|Any CPU.Build.0 = Release|Any CPU
	EndGlobalSection
	GlobalSection(SolutionProperties) = preSolution
		HideSolutionNode = FALSE
	EndGlobalSection
	GlobalSection(ExtensibilityGlobals) = postSolution
		SolutionGuid = {EDA3DAC5-386A-4BF3-A8D1-7927ACC5BB6B}
	EndGlobalSection
EndGlobal
